
Microsoft Visual Studio Solution File, Format Version 12.00
# Visual Studio Version 17
VisualStudioVersion = 17.6.33723.286
MinimumVisualStudioVersion = 10.0.40219.1
Project("{FAE04EC0-301F-11D3-BF4B-00C04F79EFBC}") = "EventExample", "EventExample\EventExample.csproj", "{A92F3A48-2C29-4045-8A81-9BC6083307E7}"
EndProject
Global
	GlobalSection(SolutionConfigurationPlatforms) = preSolution
		Debug|Any CPU = Debug|Any CPU
		Release|Any CPU = Release|Any CPU
	EndGlobalSection
	GlobalSection(ProjectConfigurationPlatforms) = postSolution
		{A92F3A48-2C29-4045-8A81-9BC6083307E7}.Debug|Any CPU.ActiveCfg = Debug|Any CPU
		{A92F3A48-2C29-4045-8A81-9BC6083307E7}.Debug|Any CPU.Build.0 = Debug|Any CPU
		{A92F3A48-2C29-4045-8A81-9BC6083307E7}.Release|Any CPU.ActiveCfg = Release|Any CPU
		{A92F3A48-2C29-4045-8A81-9BC6083307E7}.Release|Any CPU.Build.0 = Release|Any CPU
	EndGlobalSection
	GlobalSection(SolutionProperties) = preSolution
		HideSolutionNode = FALSE
	EndGlobalSection
	GlobalSection(ExtensibilityGlobals) = postSolution
		SolutionGuid = {8A907762-FB16-49BD-8A53-ED4942E6D9EA}
	EndGlobalSection
EndGlobal
